
Microsoft Visual Studio Solution File, Format Version 12.00
# Visual Studio Version 16
VisualStudioVersion = 16.0.29215.179
MinimumVisualStudioVersion = 10.0.40219.1
Project("{FAE04EC0-301F-11D3-BF4B-00C04F79EFBC}") = "Assignment1_Seng8040Final", "Assignment1_Seng8040Final\Assignment1_Seng8040Final.csproj", "{581CF075-6427-449A-8542-FD874E8EC401}"
EndProject
Global
	GlobalSection(SolutionConfigurationPlatforms) = preSolution
		Debug|Any CPU = Debug|Any CPU
		Release|Any CPU = Release|Any CPU
	EndGlobalSection
	GlobalSection(ProjectConfigurationPlatforms) = postSolution
		{581CF075-6427-449A-8542-FD874E8EC401}.Debug|Any CPU.ActiveCfg = Debug|Any CPU
		{581CF075-6427-449A-8542-FD874E8EC401}.Debug|Any CPU.Build.0 = Debug|Any CPU
		{581CF075-6427-449A-8542-FD874E8EC401}.Release|Any CPU.ActiveCfg = Release|Any CPU
		{581CF075-6427-449A-8542-FD874E8EC401}.Release|Any CPU.Build.0 = Release|Any CPU
	EndGlobalSection
	GlobalSection(SolutionProperties) = preSolution
		HideSolutionNode = FALSE
	EndGlobalSection
	GlobalSection(ExtensibilityGlobals) = postSolution
		SolutionGuid = {5CE62CB3-763D-41DA-84AF-A3F8D83784E5}
	EndGlobalSection
EndGlobal
